{
  "name": "repo-ready",
  "version": "1.0.0",
  "lockfileVersion": 3,
  "requires": true,
  "packages": {
    "": {
      "name": "repo-ready",
      "version": "1.0.0",
      "license": "MIT",
      "bin": {
        "repo-ready": "bin/repo-ready.js"
      },
      "engines": {
        "node": ">=18"
      }
    }
  }
}
